
Microsoft Visual Studio Solution File, Format Version 12.00
# Visual Studio Version 16
VisualStudioVersion = 16.0.30104.148
MinimumVisualStudioVersion = 10.0.40219.1
Project("{9A19103F-16F7-4668-BE54-9A1E7A4F7556}") = "Blockchain", "Blockchain\Blockchain.csproj", "{E7F2CFEA-9D2D-42FC-8BBA-F2B0565560C9}"
EndProject
Project("{9A19103F-16F7-4668-BE54-9A1E7A4F7556}") = "Test", "Test\Test.csproj", "{C63738FC-99D0-4636-908D-331BA5AD2B7F}"
EndProject
Project("{FAE04EC0-301F-11D3-BF4B-00C04F79EFBC}") = "Repository", "Repository\Repository.csproj", "{3483FD31-9744-4DF9-BF47-347CFA887E17}"
EndProject
Global
	GlobalSection(SolutionConfigurationPlatforms) = preSolution
		Debug|Any CPU = Debug|Any CPU
		Release|Any CPU = Release|Any CPU
	EndGlobalSection
	GlobalSection(ProjectConfigurationPlatforms) = postSolution
		{E7F2CFEA-9D2D-42FC-8BBA-F2B0565560C9}.Debug|Any CPU.ActiveCfg = Debug|Any CPU
		{E7F2CFEA-9D2D-42FC-8BBA-F2B0565560C9}.Debug|Any CPU.Build.0 = Debug|Any CPU
		{E7F2CFEA-9D2D-42FC-8BBA-F2B0565560C9}.Release|Any CPU.ActiveCfg = Release|Any CPU
		{E7F2CFEA-9D2D-42FC-8BBA-F2B0565560C9}.Release|Any CPU.Build.0 = Release|Any CPU
		{C63738FC-99D0-4636-908D-331BA5AD2B7F}.Debug|Any CPU.ActiveCfg = Debug|Any CPU
		{C63738FC-99D0-4636-908D-331BA5AD2B7F}.Debug|Any CPU.Build.0 = Debug|Any CPU
		{C63738FC-99D0-4636-908D-331BA5AD2B7F}.Release|Any CPU.ActiveCfg = Release|Any CPU
		{C63738FC-99D0-4636-908D-331BA5AD2B7F}.Release|Any CPU.Build.0 = Release|Any CPU
		{3483FD31-9744-4DF9-BF47-347CFA887E17}.Debug|Any CPU.ActiveCfg = Debug|Any CPU
		{3483FD31-9744-4DF9-BF47-347CFA887E17}.Debug|Any CPU.Build.0 = Debug|Any CPU
		{3483FD31-9744-4DF9-BF47-347CFA887E17}.Release|Any CPU.ActiveCfg = Release|Any CPU
		{3483FD31-9744-4DF9-BF47-347CFA887E17}.Release|Any CPU.Build.0 = Release|Any CPU
	EndGlobalSection
	GlobalSection(SolutionProperties) = preSolution
		HideSolutionNode = FALSE
	EndGlobalSection
	GlobalSection(ExtensibilityGlobals) = postSolution
		SolutionGuid = {4610935A-EA78-431D-8A70-CFFCF4D8C7AD}
	EndGlobalSection
EndGlobal
